
Microsoft Visual Studio Solution File, Format Version 12.00
# Visual Studio Version 17
VisualStudioVersion = 17.7.34024.191
MinimumVisualStudioVersion = 10.0.40219.1
Project("{9A19103F-16F7-4668-BE54-9A1E7A4F7556}") = "ConversorAgora", "src\ConversorAgora.csproj", "{A3564E0A-28DA-4B0D-8CDC-BF081BD3F700}"
EndProject
Project("{FAE04EC0-301F-11D3-BF4B-00C04F79EFBC}") = "ConversorAgora.Test", "tests\ConversorAgora.Test\ConversorAgora.Test.csproj", "{66748019-23C7-46BF-9A73-9BF04D13789B}"
EndProject
Global
	GlobalSection(SolutionConfigurationPlatforms) = preSolution
		Debug|Any CPU = Debug|Any CPU
		Release|Any CPU = Release|Any CPU
	EndGlobalSection
	GlobalSection(ProjectConfigurationPlatforms) = postSolution
		{A3564E0A-28DA-4B0D-8CDC-BF081BD3F700}.Debug|Any CPU.ActiveCfg = Debug|Any CPU
		{A3564E0A-28DA-4B0D-8CDC-BF081BD3F700}.Debug|Any CPU.Build.0 = Debug|Any CPU
		{A3564E0A-28DA-4B0D-8CDC-BF081BD3F700}.Release|Any CPU.ActiveCfg = Release|Any CPU
		{A3564E0A-28DA-4B0D-8CDC-BF081BD3F700}.Release|Any CPU.Build.0 = Release|Any CPU
		{66748019-23C7-46BF-9A73-9BF04D13789B}.Debug|Any CPU.ActiveCfg = Debug|Any CPU
		{66748019-23C7-46BF-9A73-9BF04D13789B}.Debug|Any CPU.Build.0 = Debug|Any CPU
		{66748019-23C7-46BF-9A73-9BF04D13789B}.Release|Any CPU.ActiveCfg = Release|Any CPU
		{66748019-23C7-46BF-9A73-9BF04D13789B}.Release|Any CPU.Build.0 = Release|Any CPU
	EndGlobalSection
	GlobalSection(SolutionProperties) = preSolution
		HideSolutionNode = FALSE
	EndGlobalSection
	GlobalSection(ExtensibilityGlobals) = postSolution
		SolutionGuid = {E6923EE9-37E9-40AC-A04F-0395EFFF5C61}
	EndGlobalSection
EndGlobal
